
Microsoft Visual Studio Solution File, Format Version 12.00
# Visual Studio Version 17
VisualStudioVersion = 17.7.34031.279
MinimumVisualStudioVersion = 10.0.40219.1
Project("{FAE04EC0-301F-11D3-BF4B-00C04F79EFBC}") = "Vehicle Simulator", "Vehicle Simulator\Vehicle Simulator.csproj", "{010643D6-DDB3-4C66-AABE-1074AC5DAD1F}"
EndProject
Project("{FAE04EC0-301F-11D3-BF4B-00C04F79EFBC}") = "Vehicle simulation", "Vehicle simulation\Vehicle simulation.csproj", "{56C2FE88-BA4F-4F8C-80D8-DD309EF0BCC4}"
EndProject
Global
	GlobalSection(SolutionConfigurationPlatforms) = preSolution
		Debug|Any CPU = Debug|Any CPU
		Release|Any CPU = Release|Any CPU
	EndGlobalSection
	GlobalSection(ProjectConfigurationPlatforms) = postSolution
		{010643D6-DDB3-4C66-AABE-1074AC5DAD1F}.Debug|Any CPU.ActiveCfg = Debug|Any CPU
		{010643D6-DDB3-4C66-AABE-1074AC5DAD1F}.Debug|Any CPU.Build.0 = Debug|Any CPU
		{010643D6-DDB3-4C66-AABE-1074AC5DAD1F}.Release|Any CPU.ActiveCfg = Release|Any CPU
		{010643D6-DDB3-4C66-AABE-1074AC5DAD1F}.Release|Any CPU.Build.0 = Release|Any CPU
		{56C2FE88-BA4F-4F8C-80D8-DD309EF0BCC4}.Debug|Any CPU.ActiveCfg = Debug|Any CPU
		{56C2FE88-BA4F-4F8C-80D8-DD309EF0BCC4}.Debug|Any CPU.Build.0 = Debug|Any CPU
		{56C2FE88-BA4F-4F8C-80D8-DD309EF0BCC4}.Release|Any CPU.ActiveCfg = Release|Any CPU
		{56C2FE88-BA4F-4F8C-80D8-DD309EF0BCC4}.Release|Any CPU.Build.0 = Release|Any CPU
	EndGlobalSection
	GlobalSection(SolutionProperties) = preSolution
		HideSolutionNode = FALSE
	EndGlobalSection
	GlobalSection(ExtensibilityGlobals) = postSolution
		SolutionGuid = {598509ED-8D19-402C-9486-59790A311D3A}
	EndGlobalSection
EndGlobal
